
Microsoft Visual Studio Solution File, Format Version 12.00
# Visual Studio Version 17
VisualStudioVersion = 17.6.33829.357
MinimumVisualStudioVersion = 10.0.40219.1
Project("{FAE04EC0-301F-11D3-BF4B-00C04F79EFBC}") = "thcp", "thcp\thcp.csproj", "{A7A67094-C7CF-4B44-ADC7-5690DC1F0896}"
EndProject
Global
	GlobalSection(SolutionConfigurationPlatforms) = preSolution
		Debug|Any CPU = Debug|Any CPU
		Release|Any CPU = Release|Any CPU
	EndGlobalSection
	GlobalSection(ProjectConfigurationPlatforms) = postSolution
		{A7A67094-C7CF-4B44-ADC7-5690DC1F0896}.Debug|Any CPU.ActiveCfg = Debug|Any CPU
		{A7A67094-C7CF-4B44-ADC7-5690DC1F0896}.Debug|Any CPU.Build.0 = Debug|Any CPU
		{A7A67094-C7CF-4B44-ADC7-5690DC1F0896}.Release|Any CPU.ActiveCfg = Release|Any CPU
		{A7A67094-C7CF-4B44-ADC7-5690DC1F0896}.Release|Any CPU.Build.0 = Release|Any CPU
	EndGlobalSection
	GlobalSection(SolutionProperties) = preSolution
		HideSolutionNode = FALSE
	EndGlobalSection
	GlobalSection(ExtensibilityGlobals) = postSolution
		SolutionGuid = {3DD6C92E-21FD-4C17-8A86-4C7E8E23ECB6}
	EndGlobalSection
EndGlobal
